
Microsoft Visual Studio Solution File, Format Version 12.00
# Visual Studio 2012
Project("{FAE04EC0-301F-11D3-BF4B-00C04F79EFBC}") = "PracticasAmazon", "PracticasAmazon\PracticasAmazon.csproj", "{DDF8A956-63FC-4BF4-8DE0-13B7A3C926A1}"
EndProject
Project("{FAE04EC0-301F-11D3-BF4B-00C04F79EFBC}") = "UnitTestAmazon", "UnitTestAmazon\UnitTestAmazon.csproj", "{6BCCDA66-C4B0-4C3C-B2D0-83A67847C2D9}"
EndProject
Global
	GlobalSection(SolutionConfigurationPlatforms) = preSolution
		Debug|Any CPU = Debug|Any CPU
		Release|Any CPU = Release|Any CPU
	EndGlobalSection
	GlobalSection(ProjectConfigurationPlatforms) = postSolution
		{DDF8A956-63FC-4BF4-8DE0-13B7A3C926A1}.Debug|Any CPU.ActiveCfg = Debug|Any CPU
		{DDF8A956-63FC-4BF4-8DE0-13B7A3C926A1}.Debug|Any CPU.Build.0 = Debug|Any CPU
		{DDF8A956-63FC-4BF4-8DE0-13B7A3C926A1}.Release|Any CPU.ActiveCfg = Release|Any CPU
		{DDF8A956-63FC-4BF4-8DE0-13B7A3C926A1}.Release|Any CPU.Build.0 = Release|Any CPU
		{6BCCDA66-C4B0-4C3C-B2D0-83A67847C2D9}.Debug|Any CPU.ActiveCfg = Debug|Any CPU
		{6BCCDA66-C4B0-4C3C-B2D0-83A67847C2D9}.Debug|Any CPU.Build.0 = Debug|Any CPU
		{6BCCDA66-C4B0-4C3C-B2D0-83A67847C2D9}.Release|Any CPU.ActiveCfg = Release|Any CPU
		{6BCCDA66-C4B0-4C3C-B2D0-83A67847C2D9}.Release|Any CPU.Build.0 = Release|Any CPU
	EndGlobalSection
	GlobalSection(SolutionProperties) = preSolution
		HideSolutionNode = FALSE
	EndGlobalSection
EndGlobal
